dependencies:
  espressif/esp-dsp:
    component_hash: 417886c78976489d18e7b644e98b835c65e0e249a097acb96860a66593d66a2b
    dependencies:
    - name: idf
      require: private
      version: '>=4.2'
    source:
      registry_url: https://components.espressif.com/
      type: service
    version: 1.6.2
  espressif/mdns:
    component_hash: 3ec0af5f6bce310512e90f482388d21cc7c0e99668172d2f895356165fc6f7c5
    dependencies:
    - name: idf
      require: private
      version: '>=5.0'
    source:
      registry_url: https://components.espressif.com/
      type: service
    version: 1.8.2
  idf:
    source:
      type: idf
    version: 5.4.1
direct_dependencies:
- espressif/esp-dsp
- espressif/mdns
- idf
manifest_hash: dbc410b7f188a1dcc7a9df22076bcbfa463184ba6d9603bef160966900e22541
target: esp32
version: 2.0.0
